
Microsoft Visual Studio Solution File, Format Version 12.00
# Visual Studio 15
VisualStudioVersion = 15.0.27703.2047
MinimumVisualStudioVersion = 10.0.40219.1
Project("{FAE04EC0-301F-11D3-BF4B-00C04F79EFBC}") = "Clase_20.Entidades", "ClassLibrary1\Clase_20.Entidades.csproj", "{58D04A2F-C6D2-422E-8A35-A2A1E9965F6F}"
EndProject
Project("{FAE04EC0-301F-11D3-BF4B-00C04F79EFBC}") = "Clase_20", "Clase_20\Clase_20.csproj", "{BF2CCEDC-48F7-4EC9-91B8-C3483587205F}"
EndProject
Project("{FAE04EC0-301F-11D3-BF4B-00C04F79EFBC}") = "Clase_20.Test_2", "Clase_20.Test_2\Clase_20.Test_2.csproj", "{89DCCAF4-2F97-4617-8C30-1AC21B8BD72E}"
EndProject
Global
	GlobalSection(SolutionConfigurationPlatforms) = preSolution
		Debug|Any CPU = Debug|Any CPU
		Release|Any CPU = Release|Any CPU
	EndGlobalSection
	GlobalSection(ProjectConfigurationPlatforms) = postSolution
		{58D04A2F-C6D2-422E-8A35-A2A1E9965F6F}.Debug|Any CPU.ActiveCfg = Debug|Any CPU
		{58D04A2F-C6D2-422E-8A35-A2A1E9965F6F}.Debug|Any CPU.Build.0 = Debug|Any CPU
		{58D04A2F-C6D2-422E-8A35-A2A1E9965F6F}.Release|Any CPU.ActiveCfg = Release|Any CPU
		{58D04A2F-C6D2-422E-8A35-A2A1E9965F6F}.Release|Any CPU.Build.0 = Release|Any CPU
		{BF2CCEDC-48F7-4EC9-91B8-C3483587205F}.Debug|Any CPU.ActiveCfg = Debug|Any CPU
		{BF2CCEDC-48F7-4EC9-91B8-C3483587205F}.Debug|Any CPU.Build.0 = Debug|Any CPU
		{BF2CCEDC-48F7-4EC9-91B8-C3483587205F}.Release|Any CPU.ActiveCfg = Release|Any CPU
		{BF2CCEDC-48F7-4EC9-91B8-C3483587205F}.Release|Any CPU.Build.0 = Release|Any CPU
		{89DCCAF4-2F97-4617-8C30-1AC21B8BD72E}.Debug|Any CPU.ActiveCfg = Debug|Any CPU
		{89DCCAF4-2F97-4617-8C30-1AC21B8BD72E}.Debug|Any CPU.Build.0 = Debug|Any CPU
		{89DCCAF4-2F97-4617-8C30-1AC21B8BD72E}.Release|Any CPU.ActiveCfg = Release|Any CPU
		{89DCCAF4-2F97-4617-8C30-1AC21B8BD72E}.Release|Any CPU.Build.0 = Release|Any CPU
	EndGlobalSection
	GlobalSection(SolutionProperties) = preSolution
		HideSolutionNode = FALSE
	EndGlobalSection
	GlobalSection(ExtensibilityGlobals) = postSolution
		SolutionGuid = {E1BFDB35-1D66-4F41-B74C-09793DC1F815}
	EndGlobalSection
EndGlobal
