
Microsoft Visual Studio Solution File, Format Version 12.00
# Visual Studio 15
VisualStudioVersion = 15.0.27703.2047
MinimumVisualStudioVersion = 10.0.40219.1
Project("{FAE04EC0-301F-11D3-BF4B-00C04F79EFBC}") = "CentralitaPolimorfismo", "CentralitaPolimorfismo\CentralitaPolimorfismo.csproj", "{075DEC25-94C6-4584-BB6C-1FF67CB290DE}"
EndProject
Global
	GlobalSection(SolutionConfigurationPlatforms) = preSolution
		Debug|Any CPU = Debug|Any CPU
		Release|Any CPU = Release|Any CPU
	EndGlobalSection
	GlobalSection(ProjectConfigurationPlatforms) = postSolution
		{075DEC25-94C6-4584-BB6C-1FF67CB290DE}.Debug|Any CPU.ActiveCfg = Debug|Any CPU
		{075DEC25-94C6-4584-BB6C-1FF67CB290DE}.Debug|Any CPU.Build.0 = Debug|Any CPU
		{075DEC25-94C6-4584-BB6C-1FF67CB290DE}.Release|Any CPU.ActiveCfg = Release|Any CPU
		{075DEC25-94C6-4584-BB6C-1FF67CB290DE}.Release|Any CPU.Build.0 = Release|Any CPU
	EndGlobalSection
	GlobalSection(SolutionProperties) = preSolution
		HideSolutionNode = FALSE
	EndGlobalSection
	GlobalSection(ExtensibilityGlobals) = postSolution
		SolutionGuid = {58E880C4-BC8E-48FA-9809-29BE63CB843B}
	EndGlobalSection
EndGlobal
