
Microsoft Visual Studio Solution File, Format Version 12.00
# Visual Studio 15
VisualStudioVersion = 15.0.27703.2047
MinimumVisualStudioVersion = 10.0.40219.1
Project("{FAE04EC0-301F-11D3-BF4B-00C04F79EFBC}") = "Caballito", "Caballito_User_Control\Caballito.csproj", "{B2B3FE8A-A518-446B-A478-9E841BE7E44B}"
EndProject
Project("{FAE04EC0-301F-11D3-BF4B-00C04F79EFBC}") = "Caballito - Hilos", "Caballito_Hilos\Caballito - Hilos.csproj", "{847A3B16-B0B6-46C5-8FA1-E77877E16A4B}"
EndProject
Project("{FAE04EC0-301F-11D3-BF4B-00C04F79EFBC}") = "Solo_Caballito", "Solo_Caballito\Solo_Caballito.csproj", "{939E71B6-CB80-4234-801F-4E5D3003092B}"
EndProject
Global
	GlobalSection(SolutionConfigurationPlatforms) = preSolution
		Debug|Any CPU = Debug|Any CPU
		Release|Any CPU = Release|Any CPU
	EndGlobalSection
	GlobalSection(ProjectConfigurationPlatforms) = postSolution
		{B2B3FE8A-A518-446B-A478-9E841BE7E44B}.Debug|Any CPU.ActiveCfg = Debug|Any CPU
		{B2B3FE8A-A518-446B-A478-9E841BE7E44B}.Debug|Any CPU.Build.0 = Debug|Any CPU
		{B2B3FE8A-A518-446B-A478-9E841BE7E44B}.Release|Any CPU.ActiveCfg = Release|Any CPU
		{B2B3FE8A-A518-446B-A478-9E841BE7E44B}.Release|Any CPU.Build.0 = Release|Any CPU
		{847A3B16-B0B6-46C5-8FA1-E77877E16A4B}.Debug|Any CPU.ActiveCfg = Debug|Any CPU
		{847A3B16-B0B6-46C5-8FA1-E77877E16A4B}.Debug|Any CPU.Build.0 = Debug|Any CPU
		{847A3B16-B0B6-46C5-8FA1-E77877E16A4B}.Release|Any CPU.ActiveCfg = Release|Any CPU
		{847A3B16-B0B6-46C5-8FA1-E77877E16A4B}.Release|Any CPU.Build.0 = Release|Any CPU
		{939E71B6-CB80-4234-801F-4E5D3003092B}.Debug|Any CPU.ActiveCfg = Debug|Any CPU
		{939E71B6-CB80-4234-801F-4E5D3003092B}.Debug|Any CPU.Build.0 = Debug|Any CPU
		{939E71B6-CB80-4234-801F-4E5D3003092B}.Release|Any CPU.ActiveCfg = Release|Any CPU
		{939E71B6-CB80-4234-801F-4E5D3003092B}.Release|Any CPU.Build.0 = Release|Any CPU
	EndGlobalSection
	GlobalSection(SolutionProperties) = preSolution
		HideSolutionNode = FALSE
	EndGlobalSection
	GlobalSection(ExtensibilityGlobals) = postSolution
		SolutionGuid = {EA201F57-4C04-449C-9320-75DAB5C8C08A}
	EndGlobalSection
EndGlobal
